dependencies:
  espp/adc:
    component_hash: eac4640c2d817562f0f6d1c166ee9fb51827d388378659f5673021cf880c76b5
    dependencies:
    - name: espp/base_component
      registry_url: https://components.espressif.com
      require: private
      version: '>=1.0'
    - name: espp/task
      registry_url: https://components.espressif.com
      require: private
      version: '>=1.0'
    - name: idf
      require: private
      version: '>=5.0'
    source:
      registry_url: https://components.espressif.com/
      type: service
    version: 1.3.3
  espp/base_component:
    component_hash: 398ef533a8ca180c3356a26fa91e8caff204dcdfd01f5f543434ff70e2a17775
    dependencies:
    - name: espp/logger
      registry_url: https://components.espressif.com
      require: private
      version: '>=1.0'
    - name: idf
      require: private
      version: '>=5.0'
    source:
      registry_url: https://components.espressif.com/
      type: service
    version: 1.3.3
  espp/base_peripheral:
    component_hash: 8e9dfb6887d307183c1b786f794ebcd1fc39a9fda9259c14e1cfc5e5f5969838
    dependencies:
    - name: espp/base_component
      registry_url: https://components.espressif.com
      require: private
      version: '>=1.0'
    - name: idf
      require: private
      version: '>=5.0'
    source:
      registry_url: https://components.espressif.com/
      type: service
    version: 1.3.3
  espp/bmi270:
    component_hash: ff0f35844589714fd7ce113e018ec24e27a12385a1a682747832c3be52b02fdb
    dependencies:
    - name: espp/base_peripheral
      registry_url: https://components.espressif.com
      require: private
      version: '>=1.0'
    - name: espp/math
      registry_url: https://components.espressif.com
      require: private
      version: '>=1.0'
    - name: idf
      require: private
      version: '>=5.0'
    source:
      registry_url: https://components.espressif.com/
      type: service
    version: 1.3.3
  espp/button:
    component_hash: ae4d1bc19e4edc6e6ec173ab5350508dbb603d9867f195ba752ccefe848d3f92
    dependencies:
    - name: espp/interrupt
      registry_url: https://components.espressif.com
      require: private
      version: '>=1.0'
    - name: idf
      require: private
      version: '>=5.0'
    source:
      registry_url: https://components.espressif.com/
      type: service
    version: 1.3.3
  espp/cdr:
    component_hash: 4cf39557e1b127712ef09c62f2730de905c14316e303cb6d58927e8315feed8a
    dependencies:
    - name: espp/reflect_cpp
      registry_url: https://components.espressif.com
      require: private
      version: '>=1.0'
    - name: idf
      require: private
      version: '>=5.2'
    source:
      registry_url: https://components.espressif.com/
      type: service
    version: 1.3.3
  espp/cli:
    component_hash: d2b6354210c63a0d97f033a4efe15e1cdcc29cc11a0cf80d9af0be6aa8f1a41b
    dependencies:
    - name: espp/logger
      registry_url: https://components.espressif.com
      require: private
      version: '>=1.0'
    - name: idf
      require: private
      version: '>=5.0'
    source:
      registry_url: https://components.espressif.com/
      type: service
    version: 1.3.3
  espp/codec:
    component_hash: 0136e5b3c1346704d05a756d475b46825791219caee7e1c752ec7d923abaa303
    dependencies:
    - name: idf
      require: private
      version: '>=5.0'
    source:
      registry_url: https://components.espressif.com/
      type: service
    version: 1.3.3
  espp/dispatcher:
    component_hash: 87d1e5da3afea7b1aaedd89d4063945661602e9dfe9a19e5e954e213cee463bc
    dependencies:
    - name: espp/base_component
      registry_url: https://components.espressif.com
      require: private
      version: '>=1.0'
    - name: espp/stream_frame
      registry_url: https://components.espressif.com
      require: private
      version: '>=1.0'
    - name: espp/task
      registry_url: https://components.espressif.com
      require: private
      version: '>=1.0'
    - name: idf
      require: private
      version: '>=5.0'
    source:
      registry_url: https://components.espressif.com
      type: service
    version: 1.3.3
  espp/display:
    component_hash: ebac2243dddc2dd7f8be3799a00a692c41455bf4cb8922cd555b12f2ec41cf68
    dependencies:
    - name: espp/base_component
      registry_url: https://components.espressif.com
      require: private
      version: '>=1.0'
    - name: espp/led
      registry_url: https://components.espressif.com
      require: private
      version: '>=1.0'
    - name: espp/task
      registry_url: https://components.espressif.com
      require: private
      version: '>=1.0'
    - name: idf
      require: private
      version: '>=5.0'
    - name: lvgl/lvgl
      registry_url: https://components.espressif.com
      require: private
      version: '>=9.2.2'
    source:
      registry_url: https://components.espressif.com/
      type: service
    version: 1.3.3
  espp/display_drivers:
    component_hash: a0aa89ad9ad45de5f2620e587259af18eb9e9a44dfbc82734bc2b7493d28e482
    dependencies:
    - name: espp/display
      registry_url: https://components.espressif.com
      require: private
      version: '>=1.0'
    - name: espp/led
      registry_url: https://components.espressif.com
      require: private
      version: '>=1.0'
    - name: espp/spi
      registry_url: https://components.espressif.com
      require: private
      version: '>=1.0'
    - name: idf
      require: private
      version: '>=5.0'
    source:
      registry_url: https://components.espressif.com/
      type: service
    version: 1.3.3
  espp/drv2605:
    component_hash: f63ef93895839364f5f51c4e50dadd9f952d240616a43e77932caf4039c6d7f2
    dependencies:
    - name: espp/base_peripheral
      registry_url: https://components.espressif.com
      require: private
      version: '>=1.0'
    - name: espp/cli
      registry_url: https://components.espressif.com
      require: private
      version: '>=1.0'
    - name: idf
      require: private
      version: '>=5.0'
    source:
      registry_url: https://components.espressif.com/
      type: service
    version: 1.3.3
  espp/file_system:
    component_hash: fee8a12ecf8755e3c9ff01ca83addf594f92fdecd0a268e48577a0c441f6bc11
    dependencies:
    - name: espp/base_component
      registry_url: https://components.espressif.com
      require: private
      version: '>=1.0'
    - name: idf
      require: private
      version: '>=5.0'
    - name: joltwallet/littlefs
      registry_url: https://components.espressif.com
      require: private
      version: 1.20.1
    source:
      registry_url: https://components.espressif.com/
      type: service
    version: 1.3.3
  espp/filters:
    component_hash: cd1ce5e484d4caa3f228f9cfa4fb9081e8444ffb5b81382e1a07b50bb4102dfd
    dependencies:
    - name: espp/format
      registry_url: https://components.espressif.com
      require: private
      version: '>=1.0'
    - name: espp/math
      registry_url: https://components.espressif.com
      require: private
      version: '>=1.0'
    - name: espressif/esp-dsp
      registry_url: https://components.espressif.com
      require: private
      version: '>=1.6.4'
    - name: idf
      require: private
      version: '>=5.0'
    source:
      registry_url: https://components.espressif.com/
      type: service
    version: 1.3.3
  espp/format:
    component_hash: 28e9d94ff6bdca3bf8d21dc66913b04d151e3f2d0ff564c3c5e3ad782c74c082
    dependencies:
    - name: idf
      require: private
      version: '>=5.0'
    source:
      registry_url: https://components.espressif.com/
      type: service
    version: 1.3.3
  espp/gt911:
    component_hash: 59e6e1153a805c822e8b26993519492c38a1c449192f01e806790332b993c1a4
    dependencies:
    - name: espp/base_peripheral
      registry_url: https://components.espressif.com
      require: private
      version: '>=1.0'
    - name: espp/touch
      registry_url: https://components.espressif.com
      require: private
      version: '>=1.0'
    - name: idf
      require: private
      version: '>=5.0'
    source:
      registry_url: https://components.espressif.com/
      type: service
    version: 1.3.3
  espp/i2c:
    component_hash: 63314a318f2c5774edc8edf3b4c74c1bf379f9a2455944e11eae44dd489bcff4
    dependencies:
    - name: espp/base_component
      registry_url: https://components.espressif.com
      require: private
      version: '>=1.0'
    - name: espp/cli
      registry_url: https://components.espressif.com
      require: private
      version: '>=1.0'
    - name: espp/task
      registry_url: https://components.espressif.com
      require: private
      version: '>=1.0'
    - name: idf
      require: private
      version: '>=5.0'
    source:
      registry_url: https://components.espressif.com/
      type: service
    version: 1.3.3
  espp/ina226:
    component_hash: 6ba615bc00ddb1e217831a19bafe1afc5b423b60c42a4222200f5c3b974e2744
    dependencies:
    - name: espp/base_peripheral
      registry_url: https://components.espressif.com
      require: private
      version: '>=1.0'
    - name: idf
      require: private
      version: '>=5.0'
    source:
      registry_url: https://components.espressif.com/
      type: service
    version: 1.3.3
  espp/input_drivers:
    component_hash: 847eb5f948f25504a40ceef104b1895a0a52880a38b312f6ad8516c6d6428954
    dependencies:
    - name: espp/base_component
      registry_url: https://components.espressif.com
      require: private
      version: '>=1.0'
    - name: espp/touch
      registry_url: https://components.espressif.com
      require: private
      version: '>=1.0'
    - name: idf
      require: private
      version: '>=5.0'
    - name: lvgl/lvgl
      registry_url: https://components.espressif.com
      require: private
      version: '>=9.2.2'
    source:
      registry_url: https://components.espressif.com/
      type: service
    version: 1.3.3
  espp/interrupt:
    component_hash: d6d7e9ea6341aad7c4fb2df17b4c04c7f59bf44ec36be13c081362547f37a156
    dependencies:
    - name: espp/base_component
      registry_url: https://components.espressif.com
      require: private
      version: '>=1.0'
    - name: espp/task
      registry_url: https://components.espressif.com
      require: private
      version: '>=1.0'
    - name: idf
      require: private
      version: '>=5.0'
    source:
      registry_url: https://components.espressif.com/
      type: service
    version: 1.3.3
  espp/led:
    component_hash: db8bc75cd076d512343e6fab30b8bdf2c84bf92f3398082fd5a224fa88e88c41
    dependencies:
    - name: espp/base_component
      registry_url: https://components.espressif.com
      require: private
      version: '>=1.0'
    - name: espp/task
      registry_url: https://components.espressif.com
      require: private
      version: '>=1.0'
    - name: idf
      require: private
      version: '>=5.0'
    source:
      registry_url: https://components.espressif.com/
      type: service
    version: 1.3.3
  espp/logger:
    component_hash: e8f352988207379bf2ff0ed401a86d0fb245586195bc1d357b508b9147ad98ef
    dependencies:
    - name: espp/format
      registry_url: https://components.espressif.com
      require: private
      version: '>=1.0'
    - name: idf
      require: private
      version: '>=5.0'
    source:
      registry_url: https://components.espressif.com/
      type: service
    version: 1.3.3
  espp/math:
    component_hash: 71327a2436880261b73d31d7571c6fba2b62fd99d3dce0d90268d1878b6b7537
    dependencies:
    - name: espp/format
      registry_url: https://components.espressif.com
      require: private
      version: '>=1.0'
    - name: idf
      require: private
      version: '>=5.0'
    source:
      registry_url: https://components.espressif.com/
      type: service
    version: 1.3.3
  espp/ota:
    component_hash: 810bdc1a9c2345245a02b3b3ac08630c9e2b6135beffc7d2b3f03946a0c751e4
    dependencies:
    - name: espp/base_component
      registry_url: https://components.espressif.com
      require: private
      version: '>=1.0'
    - name: espp/dispatcher
      registry_url: https://components.espressif.com
      require: private
      version: '>=1.0'
    - name: espp/stream_frame
      registry_url: https://components.espressif.com
      require: private
      version: '>=1.0'
    - name: idf
      require: private
      version: '>=5.0'
    source:
      registry_url: https://components.espressif.com/
      type: service
    version: 1.3.3
  espp/pi4ioe5v:
    component_hash: 93c9577dc5b519baab6c6e111ae1e3eda7e68702be9807837fa4826f451d727f
    dependencies:
    - name: espp/base_peripheral
      registry_url: https://components.espressif.com
      require: private
      version: '>=1.0'
    - name: idf
      require: private
      version: '>=5.0'
    source:
      registry_url: https://components.espressif.com/
      type: service
    version: 1.3.3
  espp/reflect_cpp:
    component_hash: 469ce54a43dc3dcc07b32d06d57a4a3a124d33afe8bdb66a0b7d600c5fcc401e
    dependencies:
    - name: idf
      require: private
      version: '>=5.2'
    source:
      registry_url: https://components.espressif.com/
      type: service
    version: 1.3.3
  espp/rtps:
    component_hash: 88cd25bb0d07c08acbb0b4c001b673df640a10eb6a31a426f21290bb10a5ea97
    dependencies:
    - name: espp/base_component
      registry_url: https://components.espressif.com
      require: private
      version: '>=1.0'
    - name: espp/cdr
      registry_url: https://components.espressif.com
      require: private
      version: '>=1.0'
    - name: espp/socket
      registry_url: https://components.espressif.com
      require: private
      version: '>=1.0'
    - name: espp/task
      registry_url: https://components.espressif.com
      require: private
      version: '>=1.0'
    - name: espp/thread_pool
      registry_url: https://components.espressif.com
      require: private
      version: '>=1.0'
    - name: espp/timer
      registry_url: https://components.espressif.com
      require: private
      version: '>=1.0'
    - name: idf
      require: private
      version: '>=5.0'
    source:
      registry_url: https://components.espressif.com/
      type: service
    version: 1.3.3
  espp/rx8130ce:
    component_hash: 3476015318c8bb10ef1c4b2d73efefa5a66556d1d54bfe3d3c1d972ade305e89
    dependencies:
    - name: espp/base_peripheral
      registry_url: https://components.espressif.com
      require: private
      version: '>=1.0'
    - name: idf
      require: private
      version: '>=5.0'
    source:
      registry_url: https://components.espressif.com/
      type: service
    version: 1.3.3
  espp/socket:
    component_hash: ec4f5bf41c415375f2b6336ee55b281f82e1fc335aea5e452c54600892b7df53
    dependencies:
    - name: espp/base_component
      registry_url: https://components.espressif.com
      require: private
      version: '>=1.0'
    - name: espp/task
      registry_url: https://components.espressif.com
      require: private
      version: '>=1.0'
    - name: espp/thread_pool
      registry_url: https://components.espressif.com
      require: private
      version: '>=1.0'
    - name: idf
      require: private
      version: '>=5.0'
    source:
      registry_url: https://components.espressif.com/
      type: service
    version: 1.3.3
  espp/spi:
    component_hash: efde01fabc64408ade5d4b6cc031e80d5f5ef08a8727853a3e6bd540c562d195
    dependencies:
    - name: espp/base_component
      registry_url: https://components.espressif.com
      require: private
      version: '>=1.0'
    - name: espp/task
      registry_url: https://components.espressif.com
      require: private
      version: '>=1.0'
    - name: idf
      require: private
      version: '>=5.0'
    source:
      registry_url: https://components.espressif.com/
      type: service
    version: 1.3.3
  espp/st7123touch:
    component_hash: 95658eddbd535255f7c62bda9b4fcdfda0e1213ee5cf081d1310e6a1a1574573
    dependencies:
    - name: espp/base_peripheral
      registry_url: https://components.espressif.com
      require: private
      version: '>=1.0'
    - name: espp/touch
      registry_url: https://components.espressif.com
      require: private
      version: '>=1.0'
    - name: idf
      require: private
      version: '>=5.0'
    source:
      registry_url: https://components.espressif.com/
      type: service
    version: 1.3.3
  espp/stream_frame:
    component_hash: 3ea4038c987bec6df43406f2f439e8e9041e2140ffd05104170e957d30bca55f
    dependencies:
    - name: idf
      require: private
      version: '>=5.0'
    source:
      registry_url: https://components.espressif.com
      type: service
    version: 1.3.3
  espp/task:
    component_hash: 2cfbbf4875d399b24fb7bf0c58a278c32539e748f147de7e29d69420c476a8a5
    dependencies:
    - name: espp/base_component
      registry_url: https://components.espressif.com
      require: private
      version: '>=1.0'
    - name: idf
      require: private
      version: '>=5.0'
    source:
      registry_url: https://components.espressif.com/
      type: service
    version: 1.3.3
  espp/thread_pool:
    component_hash: ba8293f2a268c0b29b3b54dab7b1403f141dde1698da1743861a4566e22e99fc
    dependencies:
    - name: espp/base_component
      registry_url: https://components.espressif.com
      require: private
      version: '>=1.0'
    - name: espp/task
      registry_url: https://components.espressif.com
      require: private
      version: '>=1.0'
    - name: idf
      require: private
      version: '>=5.0'
    source:
      registry_url: https://components.espressif.com/
      type: service
    version: 1.3.3
  espp/timer:
    component_hash: e3465901724121df8a936c0dcf051f9777bd511b62f0c6d1b08b6a3e0c208c02
    dependencies:
    - name: espp/task
      registry_url: https://components.espressif.com
      require: private
      version: '>=1.0'
    - name: idf
      require: private
      version: '>=5.0'
    source:
      registry_url: https://components.espressif.com
      type: service
    version: 1.3.3
  espp/touch:
    component_hash: b65cf9306003bf4d092d687b88ba074b1e1b531ce9d9f15df1ad7cc1564aa390
    dependencies:
    - name: idf
      require: private
      version: '>=5.0'
    source:
      registry_url: https://components.espressif.com/
      type: service
    version: 1.3.3
  espressif/cmake_utilities:
    component_hash: 351350613ceafba240b761b4ea991e0f231ac7a9f59a9ee901f751bddc0bb18f
    dependencies:
    - name: idf
      require: private
      version: '>=4.1'
    source:
      registry_url: https://components.espressif.com
      type: service
    version: 0.5.3
  espressif/esp-dsp:
    component_hash: ed9ac175b14e0414399a2b33c525579414b5bad19a2a67b12ea212def96f9a98
    dependencies:
    - name: idf
      require: private
      version: '>=4.2'
    source:
      registry_url: https://components.espressif.com/
      type: service
    version: 1.8.2
  espressif/esp_cam_sensor:
    component_hash: 4ed9e34055a7ac5d6c60552c21dfa470deaadb7eda8040d157c5f3314de8d2fd
    dependencies:
    - name: espressif/cmake_utilities
      registry_url: https://components.espressif.com
      require: private
      version: 0.*
    - name: espressif/esp_sccb_intf
      registry_url: https://components.espressif.com
      require: private
      version: '>=0.0.5'
    - name: idf
      require: private
      version: '>=5.3'
    source:
      registry_url: https://components.espressif.com/
      type: service
    targets:
    - esp32p4
    - esp32s3
    - esp32c3
    - esp32c5
    - esp32c6
    - esp32c61
    - esp32s31
    version: 2.3.0
  espressif/esp_h264:
    component_hash: 40cb64e697a8cfd787453165f6ce54e1fb8601844448eb073d677b9f9fde071e
    dependencies:
    - name: idf
      require: private
      version: '>=4.4'
    source:
      registry_url: https://components.espressif.com
      type: service
    targets:
    - esp32s3
    - esp32p4
    version: 1.3.0
  espressif/esp_ipa:
    component_hash: da24ae8139754b48af75a8c737b81e8eb7fc5a7af4ced5d70af1feb3a056838c
    dependencies:
    - name: espressif/cmake_utilities
      registry_url: https://components.espressif.com
      require: private
      version: 0.*
    - name: idf
      require: private
      version: '>=5.4'
    source:
      registry_url: https://components.espressif.com/
      type: service
    targets:
    - esp32p4
    version: 2.2.0~1
  espressif/esp_sccb_intf:
    component_hash: c071b189e49f40940722aea01a5489f873385cc39cd5b14012341135b85d1a9d
    dependencies:
    - name: idf
      require: private
      version: '>=5.3'
    source:
      registry_url: https://components.espressif.com
      type: service
    version: 0.0.8
  espressif/esp_video:
    component_hash: 2391b4f34230cb1eeea23a0cb1920ae762bb9f0252d4947fe981154530519198
    dependencies:
    - name: espressif/cmake_utilities
      registry_url: https://components.espressif.com
      require: private
      version: 0.*
    - name: espressif/esp_cam_sensor
      registry_url: https://components.espressif.com
      require: private
      version: 2.3.*
    - name: espressif/esp_h264
      registry_url: https://components.espressif.com
      require: private
      rules:
      - if: target in [esp32p4]
      version: 1.3.0
    - name: espressif/esp_ipa
      registry_url: https://components.espressif.com
      require: private
      rules:
      - if: target in [esp32p4]
      version: 2.2.*
    - name: idf
      require: private
      version: '>=5.4'
    - name: espressif/usb_host_uvc
      registry_url: https://components.espressif.com
      require: private
      rules:
      - if: target in [esp32p4, esp32s3, esp32s31]
      version: 2.5.*
    source:
      registry_url: https://components.espressif.com/
      type: service
    targets:
    - esp32p4
    - esp32s3
    - esp32c3
    - esp32c5
    - esp32c6
    - esp32c61
    - esp32s31
    version: 2.3.0
  espressif/usb:
    component_hash: 1d90d7c7b0682dbfcc36f47cf5acf224a5cfb850a62f39cd86d3159cfec12a81
    dependencies:
    - name: idf
      require: private
      version: '>=5.4'
    source:
      registry_url: https://components.espressif.com
      type: service
    targets:
    - esp32s2
    - esp32s3
    - esp32s31
    - esp32p4
    - esp32h4
    - linux
    version: 1.4.1
  espressif/usb_host_uvc:
    component_hash: 3dde9c89980212de1e394a29d3fe782a2988a08fd2a16af34eee6f642aab6ebe
    dependencies:
    - name: idf
      require: private
      version: '>=5.0'
    - name: espressif/usb
      registry_url: https://components.espressif.com
      require: public
      rules:
      - if: idf_version >=6.0
      - if: target not in ["linux"]
      version: ^1.0.0
    source:
      registry_url: https://components.espressif.com
      type: service
    targets:
    - esp32s2
    - esp32s3
    - esp32p4
    - esp32h4
    - esp32s31
    - linux
    version: 2.5.1
  espressif/w5500:
    component_hash: b5f5b466dd0b8f1f2de7ac5b7e4a364e993daf40c999044a54fb545e25be8aba
    dependencies:
    - name: espressif/wiznet_common
      registry_url: https://components.espressif.com
      require: private
      version: ^1.0.0
    - name: idf
      require: private
      version: '>=6.0'
    source:
      registry_url: https://components.espressif.com/
      type: service
    version: 2.0.0
  espressif/wiznet_common:
    component_hash: 57414f4b8ce11295c03030da7ff3ef90184e07b3ba1e8985b5edb2461e9be780
    dependencies:
    - name: idf
      require: private
      version: '>=5.3'
    source:
      registry_url: https://components.espressif.com
      type: service
    version: 1.0.0
  idf:
    source:
      type: idf
    version: 6.0.0
  joltwallet/littlefs:
    component_hash: 8e12955f47e27e6070b76715a96d6c75fc2b44f069e8c33679332d9bdd3120c4
    dependencies:
    - name: idf
      require: private
      version: '>=5.0'
    source:
      registry_url: https://components.espressif.com
      type: service
    version: 1.20.1
  lvgl/lvgl:
    component_hash: 184e532558c1c45fefed631f3e235423d22582aafb4630f3e8885c35281a49ae
    dependencies: []
    source:
      registry_url: https://components.espressif.com/
      type: service
    version: 9.5.0
direct_dependencies:
- espp/adc
- espp/base_component
- espp/base_peripheral
- espp/bmi270
- espp/button
- espp/cdr
- espp/cli
- espp/codec
- espp/display
- espp/display_drivers
- espp/drv2605
- espp/file_system
- espp/filters
- espp/format
- espp/gt911
- espp/i2c
- espp/ina226
- espp/input_drivers
- espp/interrupt
- espp/led
- espp/logger
- espp/math
- espp/ota
- espp/pi4ioe5v
- espp/reflect_cpp
- espp/rtps
- espp/rx8130ce
- espp/socket
- espp/spi
- espp/st7123touch
- espp/task
- espp/thread_pool
- espp/touch
- espressif/esp-dsp
- espressif/esp_cam_sensor
- espressif/esp_ipa
- espressif/esp_video
- espressif/w5500
- idf
- lvgl/lvgl
manifest_hash: 529ebc633109cfaaa1967d97973d76bb8b500bc607706515fd200104f9a22540
target: esp32p4
version: 3.0.0
